
Microsoft Visual Studio Solution File, Format Version 12.00
# Visual Studio Version 17
VisualStudioVersion = 17.5.001.0
MinimumVisualStudioVersion = 10.0.40219.1
Project("{9A19103F-16F7-4668-BE54-9A1E7A4F7556}") = "LED", "LED.csproj", "{7BF13A50-74EF-4DB3-974F-96596CE71F67}"
EndProject
Global
	GlobalSection(SolutionConfigurationPlatforms) = preSolution
		Debug|Any CPU = Debug|Any CPU
		Release|Any CPU = Release|Any CPU
	EndGlobalSection
	GlobalSection(ProjectConfigurationPlatforms) = postSolution
		{7BF13A50-74EF-4DB3-974F-96596CE71F67}.Debug|Any CPU.ActiveCfg = Debug|Any CPU
		{7BF13A50-74EF-4DB3-974F-96596CE71F67}.Debug|Any CPU.Build.0 = Debug|Any CPU
		{7BF13A50-74EF-4DB3-974F-96596CE71F67}.Release|Any CPU.ActiveCfg = Release|Any CPU
		{7BF13A50-74EF-4DB3-974F-96596CE71F67}.Release|Any CPU.Build.0 = Release|Any CPU
	EndGlobalSection
	GlobalSection(SolutionProperties) = preSolution
		HideSolutionNode = FALSE
	EndGlobalSection
	GlobalSection(ExtensibilityGlobals) = postSolution
		SolutionGuid = {24776A27-CC0C-44C1-8636-569D837FF386}
	EndGlobalSection
EndGlobal
